
Microsoft Visual Studio Solution File, Format Version 12.00
# Visual Studio Version 17
VisualStudioVersion = 17.4.33213.308
MinimumVisualStudioVersion = 10.0.40219.1
Project("{FAE04EC0-301F-11D3-BF4B-00C04F79EFBC}") = "WebApiLecture", "WebApiLecture.csproj", "{9ED8ABF6-C0AF-4BF1-96EC-86BC978FF30E}"
EndProject
Global
	GlobalSection(SolutionConfigurationPlatforms) = preSolution
		Debug|Any CPU = Debug|Any CPU
		Release|Any CPU = Release|Any CPU
	EndGlobalSection
	GlobalSection(ProjectConfigurationPlatforms) = postSolution
		{9ED8ABF6-C0AF-4BF1-96EC-86BC978FF30E}.Debug|Any CPU.ActiveCfg = Debug|Any CPU
		{9ED8ABF6-C0AF-4BF1-96EC-86BC978FF30E}.Debug|Any CPU.Build.0 = Debug|Any CPU
		{9ED8ABF6-C0AF-4BF1-96EC-86BC978FF30E}.Release|Any CPU.ActiveCfg = Release|Any CPU
		{9ED8ABF6-C0AF-4BF1-96EC-86BC978FF30E}.Release|Any CPU.Build.0 = Release|Any CPU
	EndGlobalSection
	GlobalSection(SolutionProperties) = preSolution
		HideSolutionNode = FALSE
	EndGlobalSection
	GlobalSection(ExtensibilityGlobals) = postSolution
		SolutionGuid = {74396951-7C01-4FCF-93F7-8E88DE4EE0D8}
	EndGlobalSection
EndGlobal
